// !$*UTF8*$!
{
	archiveVersion = 1;
	classes = {
	};
	objectVersion = 52;
	objects = {

/* Begin PBXBuildFile section */
		4BB5E3B526CC9E7200FE975F /* AppDelegate.swift in Sources */ = {isa = PBXBuildFile; fileRef = 4BB5E3B426CC9E7200FE975F /* AppDelegate.swift */; };
		4BB5E3B926CC9E7200FE975F /* ViewController.swift in Sources */ = {isa = PBXBuildFile; fileRef = 4BB5E3B826CC9E7200FE975F /* ViewController.swift */; };
		4BB5E3BE26CC9E7400FE975F /* Assets.xcassets in Resources */ = {isa = PBXBuildFile; fileRef = 4BB5E3BD26CC9E7400FE975F /* Assets.xcassets */; };
		4BB5E3C126CC9E7400FE975F /* LaunchScreen.storyboard in Resources */ = {isa = PBXBuildFile; fileRef = 4BB5E3BF26CC9E7400FE975F /* LaunchScreen.storyboard */; };
		4BB5E3CA26CCA07800FE975F /* SnapKit in Frameworks */ = {isa = PBXBuildFile; productRef = 4BB5E3C926CCA07800FE975F /* SnapKit */; };
		4BB5E3CE26CCA40700FE975F /* GoogleService-Info.plist in Resources */ = {isa = PBXBuildFile; fileRef = 4BB5E3CD26CCA40700FE975F /* GoogleService-Info.plist */; };
		9EA65AAD8D6F0173C5A69B4A /* Pods_Login_Photo_Server.framework in Frameworks */ = {isa = PBXBuildFile; fileRef = 30793298168C87105294B297 /* Pods_Login_Photo_Server.framework */; };
/* End PBXBuildFile section */

/* Begin PBXFileReference section */
		1CC784A919B3EBCC75412623 /* Pods-Login_Photo_Server.release.xcconfig */ = {isa = PBXFileReference; includeInIndex = 1; lastKnownFileType = text.xcconfig; name = "Pods-Login_Photo_Server.release.xcconfig"; path = "Target Support Files/Pods-Login_Photo_Server/Pods-Login_Photo_Server.release.xcconfig"; sourceTree = "<group>"; };
		30793298168C87105294B297 /* Pods_Login_Photo_Server.framework */ = {isa = PBXFileReference; explicitFileType = wrapper.framework; includeInIndex = 0; path = Pods_Login_Photo_Server.framework; sourceTree = BUILT_PRODUCTS_DIR; };
		3BE32857A3A05D19A0E65F78 /* Pods-Login_Photo_Server.debug.xcconfig */ = {isa = PBXFileReference; includeInIndex = 1; lastKnownFileType = text.xcconfig; name = "Pods-Login_Photo_Server.debug.xcconfig"; path = "Target Support Files/Pods-Login_Photo_Server/Pods-Login_Photo_Server.debug.xcconfig"; sourceTree = "<group>"; };
		4BB5E3B126CC9E7200FE975F /* Login_Photo_Server.app */ = {isa = PBXFileReference; explicitFileType = wrapper.application; includeInIndex = 0; path = Login_Photo_Server.app; sourceTree = BUILT_PRODUCTS_DIR; };
		4BB5E3B426CC9E7200FE975F /* AppDelegate.swift */ = {isa = PBXFileReference; lastKnownFileType = sourcecode.swift; path = AppDelegate.swift; sourceTree = "<group>"; };
		4BB5E3B826CC9E7200FE975F /* ViewController.swift */ = {isa = PBXFileReference; lastKnownFileType = sourcecode.swift; path = ViewController.swift; sourceTree = "<group>"; };
		4BB5E3BD26CC9E7400FE975F /* Assets.xcassets */ = {isa = PBXFileReference; lastKnownFileType = folder.assetcatalog; path = Assets.xcassets; sourceTree = "<group>"; };
		4BB5E3C026CC9E7400FE975F /* Base */ = {isa = PBXFileReference; lastKnownFileType = file.storyboard; name = Base; path = Base.lproj/LaunchScreen.storyboard; sourceTree = "<group>"; };
		4BB5E3C226CC9E7400FE975F /* Info.plist */ = {isa = PBXFileReference; lastKnownFileType = text.plist.xml; path = Info.plist; sourceTree = "<group>"; };
		4BB5E3CD26CCA40700FE975F /* GoogleService-Info.plist */ = {isa = PBXFileReference; fileEncoding = 4; lastKnownFileType = text.plist.xml; path = "GoogleService-Info.plist"; sourceTree = "<group>"; };
/* End PBXFileReference section */

/* Begin PBXFrameworksBuildPhase section */
		4BB5E3AE26CC9E7200FE975F /* Frameworks */ = {
			isa = PBXFrameworksBuildPhase;
			buildActionMask = 2147483647;
			files = (
				9EA65AAD8D6F0173C5A69B4A /* Pods_Login_Photo_Server.framework in Frameworks */,
				4BB5E3CA26CCA07800FE975F /* SnapKit in Frameworks */,
			);
			runOnlyForDeploymentPostprocessing = 0;
		};
/* End PBXFrameworksBuildPhase section */

/* Begin PBXGroup section */
		120E0A4AE3205DC2CE22B5AA /* Pods */ = {
			isa = PBXGroup;
			children = (
				3BE32857A3A05D19A0E65F78 /* Pods-Login_Photo_Server.debug.xcconfig */,
				1CC784A919B3EBCC75412623 /* Pods-Login_Photo_Server.release.xcconfig */,
			);
			path = Pods;
			sourceTree = "<group>";
		};
		4BB5E3A826CC9E7200FE975F = {
			isa = PBXGroup;
			children = (
				4BB5E3B326CC9E7200FE975F /* Login_Photo_Server */,
				4BB5E3B226CC9E7200FE975F /* Products */,
				120E0A4AE3205DC2CE22B5AA /* Pods */,
				F66C3BC73ED82BDE7764CF49 /* Frameworks */,
			);
			sourceTree = "<group>";
		};
		4BB5E3B226CC9E7200FE975F /* Products */ = {
			isa = PBXGroup;
			children = (
				4BB5E3B126CC9E7200FE975F /* Login_Photo_Server.app */,
			);
			name = Products;
			sourceTree = "<group>";
		};
		4BB5E3B326CC9E7200FE975F /* Login_Photo_Server */ = {
			isa = PBXGroup;
			children = (
				4BB5E3B426CC9E7200FE975F /* AppDelegate.swift */,
				4BB5E3B826CC9E7200FE975F /* ViewController.swift */,
				4BB5E3BD26CC9E7400FE975F /* Assets.xcassets */,
				4BB5E3BF26CC9E7400FE975F /* LaunchScreen.storyboard */,
				4BB5E3C226CC9E7400FE975F /* Info.plist */,
				4BB5E3CD26CCA40700FE975F /* GoogleService-Info.plist */,
			);
			path = Login_Photo_Server;
			sourceTree = "<group>";
		};
		F66C3BC73ED82BDE7764CF49 /* Frameworks */ = {
			isa = PBXGroup;
			children = (
				30793298168C87105294B297 /* Pods_Login_Photo_Server.framework */,
			);
			name = Frameworks;
			sourceTree = "<group>";
		};
/* End PBXGroup section */

/* Begin PBXNativeTarget section */
		4BB5E3B026CC9E7200FE975F /* Login_Photo_Server */ = {
			isa = PBXNativeTarget;
			buildConfigurationList = 4BB5E3C526CC9E7400FE975F /* Build configuration list for PBXNativeTarget "Login_Photo_Server" */;
			buildPhases = (
				636445B27C8FB9A99E5DE83A /* [CP] Check Pods Manifest.lock */,
				4BB5E3AD26CC9E7200FE975F /* Sources */,
				4BB5E3AE26CC9E7200FE975F /* Frameworks */,
				4BB5E3AF26CC9E7200FE975F /* Resources */,
				0E93C32F92CBEBF991699387 /* [CP] Embed Pods Frameworks */,
			);
			buildRules = (
			);
			dependencies = (
			);
			name = Login_Photo_Server;
			packageProductDependencies = (
				4BB5E3C926CCA07800FE975F /* SnapKit */,
			);
			productName = Login_Photo_Server;
			productReference = 4BB5E3B126CC9E7200FE975F /* Login_Photo_Server.app */;
			productType = "com.apple.product-type.application";
		};
/* End PBXNativeTarget section */

/* Begin PBXProject section */
		4BB5E3A926CC9E7200FE975F /* Project object */ = {
			isa = PBXProject;
			attributes = {
				LastSwiftUpdateCheck = 1250;
				LastUpgradeCheck = 1250;
				TargetAttributes = {
					4BB5E3B026CC9E7200FE975F = {
						CreatedOnToolsVersion = 12.5.1;
					};
				};
			};
			buildConfigurationList = 4BB5E3AC26CC9E7200FE975F /* Build configuration list for PBXProject "Login_Photo_Server" */;
			compatibilityVersion = "Xcode 9.3";
			developmentRegion = en;
			hasScannedForEncodings = 0;
			knownRegions = (
				en,
				Base,
			);
			mainGroup = 4BB5E3A826CC9E7200FE975F;
			packageReferences = (
				4BB5E3C826CCA07800FE975F /* XCRemoteSwiftPackageReference "SnapKit" */,
			);
			productRefGroup = 4BB5E3B226CC9E7200FE975F /* Products */;
			projectDirPath = "";
			projectRoot = "";
			targets = (
				4BB5E3B026CC9E7200FE975F /* Login_Photo_Server */,
			);
		};
/* End PBXProject section */

/* Begin PBXResourcesBuildPhase section */
		4BB5E3AF26CC9E7200FE975F /* Resources */ = {
			isa = PBXResourcesBuildPhase;
			buildActionMask = 2147483647;
			files = (
				4BB5E3C126CC9E7400FE975F /* LaunchScreen.storyboard in Resources */,
				4BB5E3BE26CC9E7400FE975F /* Assets.xcassets in Resources */,
				4BB5E3CE26CCA40700FE975F /* GoogleService-Info.plist in Resources */,
			);
			runOnlyForDeploymentPostprocessing = 0;
		};
/* End PBXResourcesBuildPhase section */

/* Begin PBXShellScriptBuildPhase section */
		0E93C32F92CBEBF991699387 /* [CP] Embed Pods Frameworks */ = {
			isa = PBXShellScriptBuildPhase;
			buildActionMask = 2147483647;
			files = (
			);
			inputFileListPaths = (
				"${PODS_ROOT}/Target Support Files/Pods-Login_Photo_Server/Pods-Login_Photo_Server-frameworks-${CONFIGURATION}-input-files.xcfilelist",
			);
			name = "[CP] Embed Pods Frameworks";
			outputFileListPaths = (
				"${PODS_ROOT}/Target Support Files/Pods-Login_Photo_Server/Pods-Login_Photo_Server-frameworks-${CONFIGURATION}-output-files.xcfilelist",
			);
			runOnlyForDeploymentPostprocessing = 0;
			shellPath = /bin/sh;
			shellScript = "\"${PODS_ROOT}/Target Support Files/Pods-Login_Photo_Server/Pods-Login_Photo_Server-frameworks.sh\"\n";
			showEnvVarsInLog = 0;
		};
		636445B27C8FB9A99E5DE83A /* [CP] Check Pods Manifest.lock */ = {
			isa = PBXShellScriptBuildPhase;
			buildActionMask = 2147483647;
			files = (
			);
			inputFileListPaths = (
			);
			inputPaths = (
				"${PODS_PODFILE_DIR_PATH}/Podfile.lock",
				"${PODS_ROOT}/Manifest.lock",
			);
			name = "[CP] Check Pods Manifest.lock";
			outputFileListPaths = (
			);
			outputPaths = (
				"$(DERIVED_FILE_DIR)/Pods-Login_Photo_Server-checkManifestLockResult.txt",
			);
			runOnlyForDeploymentPostprocessing = 0;
			shellPath = /bin/sh;
			shellScript = "diff \"${PODS_PODFILE_DIR_PATH}/Podfile.lock\" \"${PODS_ROOT}/Manifest.lock\" > /dev/null\nif [ $? != 0 ] ; then\n    # print error to STDERR\n    echo \"error: The sandbox is not in sync with the Podfile.lock. Run 'pod install' or update your CocoaPods installation.\" >&2\n    exit 1\nfi\n# This output is used by Xcode 'outputs' to avoid re-running this script phase.\necho \"SUCCESS\" > \"${SCRIPT_OUTPUT_FILE_0}\"\n";
			showEnvVarsInLog = 0;
		};
/* End PBXShellScriptBuildPhase section */

/* Begin PBXSourcesBuildPhase section */
		4BB5E3AD26CC9E7200FE975F /* Sources */ = {
			isa = PBXSourcesBuildPhase;
			buildActionMask = 2147483647;
			files = (
				4BB5E3B926CC9E7200FE975F /* ViewController.swift in Sources */,
				4BB5E3B526CC9E7200FE975F /* AppDelegate.swift in Sources */,
			);
			runOnlyForDeploymentPostprocessing = 0;
		};
/* End PBXSourcesBuildPhase section */

/* Begin PBXVariantGroup section */
		4BB5E3BF26CC9E7400FE975F /* LaunchScreen.storyboard */ = {
			isa = PBXVariantGroup;
			children = (
				4BB5E3C026CC9E7400FE975F /* Base */,
			);
			name = LaunchScreen.storyboard;
			sourceTree = "<group>";
		};
/* End PBXVariantGroup section */

/* Begin XCBuildConfiguration section */
		4BB5E3C326CC9E7400FE975F /* Debug */ = {
			isa = XCBuildConfiguration;
			buildSettings = {
				ALWAYS_SEARCH_USER_PATHS = NO;
				CLANG_ANALYZER_NONNULL = YES;
				CLANG_ANALYZER_NUMBER_OBJECT_CONVERSION = YES_AGGRESSIVE;
				CLANG_CXX_LANGUAGE_STANDARD = "gnu++14";
				CLANG_CXX_LIBRARY = "libc++";
				CLANG_ENABLE_MODULES = YES;
				CLANG_ENABLE_OBJC_ARC = YES;
				CLANG_ENABLE_OBJC_WEAK = YES;
				CLANG_WARN_BLOCK_CAPTURE_AUTORELEASING = YES;
				CLANG_WARN_BOOL_CONVERSION = YES;
				CLANG_WARN_COMMA = YES;
				CLANG_WARN_CONSTANT_CONVERSION = YES;
				CLANG_WARN_DEPRECATED_OBJC_IMPLEMENTATIONS = YES;
				CLANG_WARN_DIRECT_OBJC_ISA_USAGE = YES_ERROR;
				CLANG_WARN_DOCUMENTATION_COMMENTS = YES;
				CLANG_WARN_EMPTY_BODY = YES;
				CLANG_WARN_ENUM_CONVERSION = YES;
				CLANG_WARN_INFINITE_RECURSION = YES;
				CLANG_WARN_INT_CONVERSION = YES;
				CLANG_WARN_NON_LITERAL_NULL_CONVERSION = YES;
				CLANG_WARN_OBJC_IMPLICIT_RETAIN_SELF = YES;
				CLANG_WARN_OBJC_LITERAL_CONVERSION = YES;
				CLANG_WARN_OBJC_ROOT_CLASS = YES_ERROR;
				CLANG_WARN_QUOTED_INCLUDE_IN_FRAMEWORK_HEADER = YES;
				CLANG_WARN_RANGE_LOOP_ANALYSIS = YES;
				CLANG_WARN_STRICT_PROTOTYPES = YES;
				CLANG_WARN_SUSPICIOUS_MOVE = YES;
				CLANG_WARN_UNGUARDED_AVAILABILITY = YES_AGGRESSIVE;
				CLANG_WARN_UNREACHABLE_CODE = YES;
				CLANG_WARN__DUPLICATE_METHOD_MATCH = YES;
				COPY_PHASE_STRIP = NO;
				DEBUG_INFORMATION_FORMAT = dwarf;
				ENABLE_STRICT_OBJC_MSGSEND = YES;
				ENABLE_TESTABILITY = YES;
				GCC_C_LANGUAGE_STANDARD = gnu11;
				GCC_DYNAMIC_NO_PIC = NO;
				GCC_NO_COMMON_BLOCKS = YES;
				GCC_OPTIMIZATION_LEVEL = 0;
				GCC_PREPROCESSOR_DEFINITIONS = (
					"DEBUG=1",
					"$(inherited)",
				);
				GCC_WARN_64_TO_32_BIT_CONVERSION = YES;
				GCC_WARN_ABOUT_RETURN_TYPE = YES_ERROR;
				GCC_WARN_UNDECLARED_SELECTOR = YES;
				GCC_WARN_UNINITIALIZED_AUTOS = YES_AGGRESSIVE;
				GCC_WARN_UNUSED_FUNCTION = YES;
				GCC_WARN_UNUSED_VARIABLE = YES;
				IPHONEOS_DEPLOYMENT_TARGET = 14.5;
				MTL_ENABLE_DEBUG_INFO = INCLUDE_SOURCE;
				MTL_FAST_MATH = YES;
				ONLY_ACTIVE_ARCH = YES;
				SDKROOT = iphoneos;
				SWIFT_ACTIVE_COMPILATION_CONDITIONS = DEBUG;
				SWIFT_OPTIMIZATION_LEVEL = "-Onone";
			};
			name = Debug;
		};
		4BB5E3C426CC9E7400FE975F /* Release */ = {
			isa = XCBuildConfiguration;
			buildSettings = {
				ALWAYS_SEARCH_USER_PATHS = NO;
				CLANG_ANALYZER_NONNULL = YES;
				CLANG_ANALYZER_NUMBER_OBJECT_CONVERSION = YES_AGGRESSIVE;
				CLANG_CXX_LANGUAGE_STANDARD = "gnu++14";
				CLANG_CXX_LIBRARY = "libc++";
				CLANG_ENABLE_MODULES = YES;
				CLANG_ENABLE_OBJC_ARC = YES;
				CLANG_ENABLE_OBJC_WEAK = YES;
				CLANG_WARN_BLOCK_CAPTURE_AUTORELEASING = YES;
				CLANG_WARN_BOOL_CONVERSION = YES;
				CLANG_WARN_COMMA = YES;
				CLANG_WARN_CONSTANT_CONVERSION = YES;
				CLANG_WARN_DEPRECATED_OBJC_IMPLEMENTATIONS = YES;
				CLANG_WARN_DIRECT_OBJC_ISA_USAGE = YES_ERROR;
				CLANG_WARN_DOCUMENTATION_COMMENTS = YES;
				CLANG_WARN_EMPTY_BODY = YES;
				CLANG_WARN_ENUM_CONVERSION = YES;
				CLANG_WARN_INFINITE_RECURSION = YES;
				CLANG_WARN_INT_CONVERSION = YES;
				CLANG_WARN_NON_LITERAL_NULL_CONVERSION = YES;
				CLANG_WARN_OBJC_IMPLICIT_RETAIN_SELF = YES;
				CLANG_WARN_OBJC_LITERAL_CONVERSION = YES;
				CLANG_WARN_OBJC_ROOT_CLASS = YES_ERROR;
				CLANG_WARN_QUOTED_INCLUDE_IN_FRAMEWORK_HEADER = YES;
				CLANG_WARN_RANGE_LOOP_ANALYSIS = YES;
				CLANG_WARN_STRICT_PROTOTYPES = YES;
				CLANG_WARN_SUSPICIOUS_MOVE = YES;
				CLANG_WARN_UNGUARDED_AVAILABILITY = YES_AGGRESSIVE;
				CLANG_WARN_UNREACHABLE_CODE = YES;
				CLANG_WARN__DUPLICATE_METHOD_MATCH = YES;
				COPY_PHASE_STRIP = NO;
				DEBUG_INFORMATION_FORMAT = "dwarf-with-dsym";
				ENABLE_NS_ASSERTIONS = NO;
				ENABLE_STRICT_OBJC_MSGSEND = YES;
				GCC_C_LANGUAGE_STANDARD = gnu11;
				GCC_NO_COMMON_BLOCKS = YES;
				GCC_WARN_64_TO_32_BIT_CONVERSION = YES;
				GCC_WARN_ABOUT_RETURN_TYPE = YES_ERROR;
				GCC_WARN_UNDECLARED_SELECTOR = YES;
				GCC_WARN_UNINITIALIZED_AUTOS = YES_AGGRESSIVE;
				GCC_WARN_UNUSED_FUNCTION = YES;
				GCC_WARN_UNUSED_VARIABLE = YES;
				IPHONEOS_DEPLOYMENT_TARGET = 14.5;
				MTL_ENABLE_DEBUG_INFO = NO;
				MTL_FAST_MATH = YES;
				SDKROOT = iphoneos;
				SWIFT_COMPILATION_MODE = wholemodule;
				SWIFT_OPTIMIZATION_LEVEL = "-O";
				VALIDATE_PRODUCT = YES;
			};
			name = Release;
		};
		4BB5E3C626CC9E7400FE975F /* Debug */ = {
			isa = XCBuildConfiguration;
			baseConfigurationReference = 3BE32857A3A05D19A0E65F78 /* Pods-Login_Photo_Server.debug.xcconfig */;
			buildSettings = {
				ASSETCATALOG_COMPILER_APPICON_NAME = AppIcon;
				ASSETCATALOG_COMPILER_GLOBAL_ACCENT_COLOR_NAME = AccentColor;
				CODE_SIGN_STYLE = Automatic;
				DEVELOPMENT_TEAM = Z5M4ZXWCX6;
				INFOPLIST_FILE = Login_Photo_Server/Info.plist;
				LD_RUNPATH_SEARCH_PATHS = (
					"$(inherited)",
					"@executable_path/Frameworks",
				);
				PRODUCT_BUNDLE_IDENTIFIER = "com.PhotyPeta.Login-Photo-Server";
				PRODUCT_NAME = "$(TARGET_NAME)";
				SWIFT_VERSION = 5.0;
				TARGETED_DEVICE_FAMILY = "1,2";
			};
			name = Debug;
		};
		4BB5E3C726CC9E7400FE975F /* Release */ = {
			isa = XCBuildConfiguration;
			baseConfigurationReference = 1CC784A919B3EBCC75412623 /* Pods-Login_Photo_Server.release.xcconfig */;
			buildSettings = {
				ASSETCATALOG_COMPILER_APPICON_NAME = AppIcon;
				ASSETCATALOG_COMPILER_GLOBAL_ACCENT_COLOR_NAME = AccentColor;
				CODE_SIGN_STYLE = Automatic;
				DEVELOPMENT_TEAM = Z5M4ZXWCX6;
				INFOPLIST_FILE = Login_Photo_Server/Info.plist;
				LD_RUNPATH_SEARCH_PATHS = (
					"$(inherited)",
					"@executable_path/Frameworks",
				);
				PRODUCT_BUNDLE_IDENTIFIER = "com.PhotyPeta.Login-Photo-Server";
				PRODUCT_NAME = "$(TARGET_NAME)";
				SWIFT_VERSION = 5.0;
				TARGETED_DEVICE_FAMILY = "1,2";
			};
			name = Release;
		};
/* End XCBuildConfiguration section */

/* Begin XCConfigurationList section */
		4BB5E3AC26CC9E7200FE975F /* Build configuration list for PBXProject "Login_Photo_Server" */ = {
			isa = XCConfigurationList;
			buildConfigurations = (
				4BB5E3C326CC9E7400FE975F /* Debug */,
				4BB5E3C426CC9E7400FE975F /* Release */,
			);
			defaultConfigurationIsVisible = 0;
			defaultConfigurationName = Release;
		};
		4BB5E3C526CC9E7400FE975F /* Build configuration list for PBXNativeTarget "Login_Photo_Server" */ = {
			isa = XCConfigurationList;
			buildConfigurations = (
				4BB5E3C626CC9E7400FE975F /* Debug */,
				4BB5E3C726CC9E7400FE975F /* Release */,
			);
			defaultConfigurationIsVisible = 0;
			defaultConfigurationName = Release;
		};
/* End XCConfigurationList section */

/* Begin XCRemoteSwiftPackageReference section */
		4BB5E3C826CCA07800FE975F /* XCRemoteSwiftPackageReference "SnapKit" */ = {
			isa = XCRemoteSwiftPackageReference;
			repositoryURL = "https://github.com/SnapKit/SnapKit";
			requirement = {
				kind = upToNextMajorVersion;
				minimumVersion = 5.0.1;
			};
		};
/* End XCRemoteSwiftPackageReference section */

/* Begin XCSwiftPackageProductDependency section */
		4BB5E3C926CCA07800FE975F /* SnapKit */ = {
			isa = XCSwiftPackageProductDependency;
			package = 4BB5E3C826CCA07800FE975F /* XCRemoteSwiftPackageReference "SnapKit" */;
			productName = SnapKit;
		};
/* End XCSwiftPackageProductDependency section */
	};
	rootObject = 4BB5E3A926CC9E7200FE975F /* Project object */;
}
